// !$*UTF8*$!
{
	archiveVersion = 1;
	classes = {
	};
	objectVersion = 56;
	objects = {

/* Begin PBXBuildFile section */
		9755ABCE2FB55E3C00673FC8 /* WebRTC in Frameworks */ = {isa = PBXBuildFile; productRef = 9755ABCD2FB55E3C00673FC8 /* WebRTC */; };
		97EE5D772FB3D42300A179F1 /* eunifyApp.swift in Sources */ = {isa = PBXBuildFile; fileRef = 97EE5D762FB3D42300A179F1 /* eunifyApp.swift */; };
		97EE5D792FB3D42300A179F1 /* ContentView.swift in Sources */ = {isa = PBXBuildFile; fileRef = 97EE5D782FB3D42300A179F1 /* ContentView.swift */; };
		97EE5D7B2FB3D42600A179F1 /* Assets.xcassets in Resources */ = {isa = PBXBuildFile; fileRef = 97EE5D7A2FB3D42600A179F1 /* Assets.xcassets */; };
		97EE5D7E2FB3D42600A179F1 /* Preview Assets.xcassets in Resources */ = {isa = PBXBuildFile; fileRef = 97EE5D7D2FB3D42600A179F1 /* Preview Assets.xcassets */; };
		97EE5D892FB3D42700A179F1 /* eunifyTests.swift in Sources */ = {isa = PBXBuildFile; fileRef = 97EE5D882FB3D42700A179F1 /* eunifyTests.swift */; };
		97EE5D932FB3D42700A179F1 /* eunifyUITests.swift in Sources */ = {isa = PBXBuildFile; fileRef = 97EE5D922FB3D42700A179F1 /* eunifyUITests.swift */; };
		97EE5D952FB3D42700A179F1 /* eunifyUITestsLaunchTests.swift in Sources */ = {isa = PBXBuildFile; fileRef = 97EE5D942FB3D42700A179F1 /* eunifyUITestsLaunchTests.swift */; };
/* End PBXBuildFile section */

/* Begin PBXContainerItemProxy section */
		97EE5D852FB3D42700A179F1 /* PBXContainerItemProxy */ = {
			isa = PBXContainerItemProxy;
			containerPortal = 97EE5D6B2FB3D42300A179F1 /* Project object */;
			proxyType = 1;
			remoteGlobalIDString = 97EE5D722FB3D42300A179F1;
			remoteInfo = eunify;
		};
		97EE5D8F2FB3D42700A179F1 /* PBXContainerItemProxy */ = {
			isa = PBXContainerItemProxy;
			containerPortal = 97EE5D6B2FB3D42300A179F1 /* Project object */;
			proxyType = 1;
			remoteGlobalIDString = 97EE5D722FB3D42300A179F1;
			remoteInfo = eunify;
		};
/* End PBXContainerItemProxy section */

/* Begin PBXFileReference section */
		97EE5D732FB3D42300A179F1 /* eunify.app */ = {isa = PBXFileReference; explicitFileType = wrapper.application; includeInIndex = 0; path = eunify.app; sourceTree = BUILT_PRODUCTS_DIR; };
		97EE5D762FB3D42300A179F1 /* eunifyApp.swift */ = {isa = PBXFileReference; lastKnownFileType = sourcecode.swift; path = eunifyApp.swift; sourceTree = "<group>"; };
		97EE5D782FB3D42300A179F1 /* ContentView.swift */ = {isa = PBXFileReference; lastKnownFileType = sourcecode.swift; path = ContentView.swift; sourceTree = "<group>"; };
		97EE5D7A2FB3D42600A179F1 /* Assets.xcassets */ = {isa = PBXFileReference; lastKnownFileType = folder.assetcatalog; path = Assets.xcassets; sourceTree = "<group>"; };
		97EE5D7D2FB3D42600A179F1 /* Preview Assets.xcassets */ = {isa = PBXFileReference; lastKnownFileType = folder.assetcatalog; path = "Preview Assets.xcassets"; sourceTree = "<group>"; };
		97EE5D7F2FB3D42600A179F1 /* eunify.entitlements */ = {isa = PBXFileReference; lastKnownFileType = text.plist.entitlements; path = eunify.entitlements; sourceTree = "<group>"; };
		97EE5D842FB3D42700A179F1 /* eunifyTests.xctest */ = {isa = PBXFileReference; explicitFileType = wrapper.cfbundle; includeInIndex = 0; path = eunifyTests.xctest; sourceTree = BUILT_PRODUCTS_DIR; };
		97EE5D882FB3D42700A179F1 /* eunifyTests.swift */ = {isa = PBXFileReference; lastKnownFileType = sourcecode.swift; path = eunifyTests.swift; sourceTree = "<group>"; };
		97EE5D8E2FB3D42700A179F1 /* eunifyUITests.xctest */ = {isa = PBXFileReference; explicitFileType = wrapper.cfbundle; includeInIndex = 0; path = eunifyUITests.xctest; sourceTree = BUILT_PRODUCTS_DIR; };
		97EE5D922FB3D42700A179F1 /* eunifyUITests.swift */ = {isa = PBXFileReference; lastKnownFileType = sourcecode.swift; path = eunifyUITests.swift; sourceTree = "<group>"; };
		97EE5D942FB3D42700A179F1 /* eunifyUITestsLaunchTests.swift */ = {isa = PBXFileReference; lastKnownFileType = sourcecode.swift; path = eunifyUITestsLaunchTests.swift; sourceTree = "<group>"; };
/* End PBXFileReference section */

/* Begin PBXFrameworksBuildPhase section */
		97EE5D702FB3D42300A179F1 /* Frameworks */ = {
			isa = PBXFrameworksBuildPhase;
			buildActionMask = 2147483647;
			files = (
			);
			runOnlyForDeploymentPostprocessing = 0;
		};
		97EE5D812FB3D42700A179F1 /* Frameworks */ = {
			isa = PBXFrameworksBuildPhase;
			buildActionMask = 2147483647;
			files = (
			);
			runOnlyForDeploymentPostprocessing = 0;
		};
		97EE5D8B2FB3D42700A179F1 /* Frameworks */ = {
			isa = PBXFrameworksBuildPhase;
			buildActionMask = 2147483647;
			files = (
			);
			runOnlyForDeploymentPostprocessing = 0;
		};
/* End PBXFrameworksBuildPhase section */

/* Begin PBXGroup section */
		97B15FD92FB561FA002A99AF /* Frameworks */ = {
			isa = PBXGroup;
			children = (
			);
			name = Frameworks;
			sourceTree = "<group>";
		};
		97EE5D6A2FB3D42300A179F1 = {
			isa = PBXGroup;
			children = (
				97EE5D752FB3D42300A179F1 /* eunify */,
				97EE5D872FB3D42700A179F1 /* eunifyTests */,
				97EE5D912FB3D42700A179F1 /* eunifyUITests */,
				97EE5D742FB3D42300A179F1 /* Products */,
				97B15FD92FB561FA002A99AF /* Frameworks */,
			);
			sourceTree = "<group>";
		};
		97EE5D742FB3D42300A179F1 /* Products */ = {
			isa = PBXGroup;
			children = (
				97EE5D732FB3D42300A179F1 /* eunify.app */,
				97EE5D842FB3D42700A179F1 /* eunifyTests.xctest */,
				97EE5D8E2FB3D42700A179F1 /* eunifyUITests.xctest */,
			);
			name = Products;
			sourceTree = "<group>";
		};
		97EE5D752FB3D42300A179F1 /* eunify */ = {
			isa = PBXGroup;
			children = (
				97EE5D762FB3D42300A179F1 /* eunifyApp.swift */,
				97EE5D782FB3D42300A179F1 /* ContentView.swift */,
				97EE5D7A2FB3D42600A179F1 /* Assets.xcassets */,
				97EE5D7F2FB3D42600A179F1 /* eunify.entitlements */,
				97EE5D7C2FB3D42600A179F1 /* Preview Content */,
			);
			path = eunify;
			sourceTree = "<group>";
		};
		97EE5D7C2FB3D42600A179F1 /* Preview Content */ = {
			isa = PBXGroup;
			children = (
				97EE5D7D2FB3D42600A179F1 /* Preview Assets.xcassets */,
			);
			path = "Preview Content";
			sourceTree = "<group>";
		};
		97EE5D872FB3D42700A179F1 /* eunifyTests */ = {
			isa = PBXGroup;
			children = (
				97EE5D882FB3D42700A179F1 /* eunifyTests.swift */,
			);
			path = eunifyTests;
			sourceTree = "<group>";
		};
		97EE5D912FB3D42700A179F1 /* eunifyUITests */ = {
			isa = PBXGroup;
			children = (
				97EE5D922FB3D42700A179F1 /* eunifyUITests.swift */,
				97EE5D942FB3D42700A179F1 /* eunifyUITestsLaunchTests.swift */,
			);
			path = eunifyUITests;
			sourceTree = "<group>";
		};
/* End PBXGroup section */

/* Begin PBXNativeTarget section */
		97EE5D722FB3D42300A179F1 /* eunify */ = {
			isa = PBXNativeTarget;
			buildConfigurationList = 97EE5D982FB3D42700A179F1 /* Build configuration list for PBXNativeTarget "eunify" */;
			buildPhases = (
				97EE5D6F2FB3D42300A179F1 /* Sources */,
				97EE5D702FB3D42300A179F1 /* Frameworks */,
				97EE5D712FB3D42300A179F1 /* Resources */,
			);
			buildRules = (
			);
			dependencies = (
			);
			name = eunify;
			packageProductDependencies = (
			);
			productName = eunify;
			productReference = 97EE5D732FB3D42300A179F1 /* eunify.app */;
			productType = "com.apple.product-type.application";
		};
		97EE5D832FB3D42700A179F1 /* eunifyTests */ = {
			isa = PBXNativeTarget;
			buildConfigurationList = 97EE5D9B2FB3D42700A179F1 /* Build configuration list for PBXNativeTarget "eunifyTests" */;
			buildPhases = (
				97EE5D802FB3D42700A179F1 /* Sources */,
				97EE5D812FB3D42700A179F1 /* Frameworks */,
				97EE5D822FB3D42700A179F1 /* Resources */,
			);
			buildRules = (
			);
			dependencies = (
				97EE5D862FB3D42700A179F1 /* PBXTargetDependency */,
			);
			name = eunifyTests;
			productName = eunifyTests;
			productReference = 97EE5D842FB3D42700A179F1 /* eunifyTests.xctest */;
			productType = "com.apple.product-type.bundle.unit-test";
		};
		97EE5D8D2FB3D42700A179F1 /* eunifyUITests */ = {
			isa = PBXNativeTarget;
			buildConfigurationList = 97EE5D9E2FB3D42700A179F1 /* Build configuration list for PBXNativeTarget "eunifyUITests" */;
			buildPhases = (
				97EE5D8A2FB3D42700A179F1 /* Sources */,
				97EE5D8B2FB3D42700A179F1 /* Frameworks */,
				97EE5D8C2FB3D42700A179F1 /* Resources */,
			);
			buildRules = (
			);
			dependencies = (
				97EE5D902FB3D42700A179F1 /* PBXTargetDependency */,
			);
			name = eunifyUITests;
			productName = eunifyUITests;
			productReference = 97EE5D8E2FB3D42700A179F1 /* eunifyUITests.xctest */;
			productType = "com.apple.product-type.bundle.ui-testing";
		};
/* End PBXNativeTarget section */

/* Begin PBXProject section */
		97EE5D6B2FB3D42300A179F1 /* Project object */ = {
			isa = PBXProject;
			attributes = {
				BuildIndependentTargetsInParallel = 1;
				LastSwiftUpdateCheck = 1500;
				LastUpgradeCheck = 1500;
				TargetAttributes = {
					97EE5D722FB3D42300A179F1 = {
						CreatedOnToolsVersion = 15.0.1;
					};
					97EE5D832FB3D42700A179F1 = {
						CreatedOnToolsVersion = 15.0.1;
						TestTargetID = 97EE5D722FB3D42300A179F1;
					};
					97EE5D8D2FB3D42700A179F1 = {
						CreatedOnToolsVersion = 15.0.1;
						TestTargetID = 97EE5D722FB3D42300A179F1;
					};
				};
			};
			buildConfigurationList = 97EE5D6E2FB3D42300A179F1 /* Build configuration list for PBXProject "eunify" */;
			compatibilityVersion = "Xcode 14.0";
			developmentRegion = en;
			hasScannedForEncodings = 0;
			knownRegions = (
				en,
				Base,
			);
			mainGroup = 97EE5D6A2FB3D42300A179F1;
			packageReferences = (
			);
			productRefGroup = 97EE5D742FB3D42300A179F1 /* Products */;
			projectDirPath = "";
			projectRoot = "";
			targets = (
				97EE5D722FB3D42300A179F1 /* eunify */,
				97EE5D832FB3D42700A179F1 /* eunifyTests */,
				97EE5D8D2FB3D42700A179F1 /* eunifyUITests */,
			);
		};
/* End PBXProject section */

/* Begin PBXResourcesBuildPhase section */
		97EE5D712FB3D42300A179F1 /* Resources */ = {
			isa = PBXResourcesBuildPhase;
			buildActionMask = 2147483647;
			files = (
				97EE5D7E2FB3D42600A179F1 /* Preview Assets.xcassets in Resources */,
				97EE5D7B2FB3D42600A179F1 /* Assets.xcassets in Resources */,
			);
			runOnlyForDeploymentPostprocessing = 0;
		};
		97EE5D822FB3D42700A179F1 /* Resources */ = {
			isa = PBXResourcesBuildPhase;
			buildActionMask = 2147483647;
			files = (
			);
			runOnlyForDeploymentPostprocessing = 0;
		};
		97EE5D8C2FB3D42700A179F1 /* Resources */ = {
			isa = PBXResourcesBuildPhase;
			buildActionMask = 2147483647;
			files = (
			);
			runOnlyForDeploymentPostprocessing = 0;
		};
/* End PBXResourcesBuildPhase section */

/* Begin PBXSourcesBuildPhase section */
		97EE5D6F2FB3D42300A179F1 /* Sources */ = {
			isa = PBXSourcesBuildPhase;
			buildActionMask = 2147483647;
			files = (
				97EE5D792FB3D42300A179F1 /* ContentView.swift in Sources */,
				97EE5D772FB3D42300A179F1 /* eunifyApp.swift in Sources */,
			);
			runOnlyForDeploymentPostprocessing = 0;
		};
		97EE5D802FB3D42700A179F1 /* Sources */ = {
			isa = PBXSourcesBuildPhase;
			buildActionMask = 2147483647;
			files = (
				97EE5D892FB3D42700A179F1 /* eunifyTests.swift in Sources */,
			);
			runOnlyForDeploymentPostprocessing = 0;
		};
		97EE5D8A2FB3D42700A179F1 /* Sources */ = {
			isa = PBXSourcesBuildPhase;
			buildActionMask = 2147483647;
			files = (
				97EE5D952FB3D42700A179F1 /* eunifyUITestsLaunchTests.swift in Sources */,
				97EE5D932FB3D42700A179F1 /* eunifyUITests.swift in Sources */,
			);
			runOnlyForDeploymentPostprocessing = 0;
		};
/* End PBXSourcesBuildPhase section */

/* Begin PBXTargetDependency section */
		97EE5D862FB3D42700A179F1 /* PBXTargetDependency */ = {
			isa = PBXTargetDependency;
			target = 97EE5D722FB3D42300A179F1 /* eunify */;
			targetProxy = 97EE5D852FB3D42700A179F1 /* PBXContainerItemProxy */;
		};
		97EE5D902FB3D42700A179F1 /* PBXTargetDependency */ = {
			isa = PBXTargetDependency;
			target = 97EE5D722FB3D42300A179F1 /* eunify */;
			targetProxy = 97EE5D8F2FB3D42700A179F1 /* PBXContainerItemProxy */;
		};
/* End PBXTargetDependency section */

/* Begin XCBuildConfiguration section */
		97EE5D962FB3D42700A179F1 /* Debug */ = {
			isa = XCBuildConfiguration;
			buildSettings = {
				ALWAYS_SEARCH_USER_PATHS = NO;
				ASSETCATALOG_COMPILER_GENERATE_SWIFT_ASSET_SYMBOL_EXTENSIONS = YES;
				CLANG_ANALYZER_NONNULL = YES;
				CLANG_ANALYZER_NUMBER_OBJECT_CONVERSION = YES_AGGRESSIVE;
				CLANG_CXX_LANGUAGE_STANDARD = "gnu++20";
				CLANG_ENABLE_MODULES = YES;
				CLANG_ENABLE_OBJC_ARC = YES;
				CLANG_ENABLE_OBJC_WEAK = YES;
				CLANG_WARN_BLOCK_CAPTURE_AUTORELEASING = YES;
				CLANG_WARN_BOOL_CONVERSION = YES;
				CLANG_WARN_COMMA = YES;
				CLANG_WARN_CONSTANT_CONVERSION = YES;
				CLANG_WARN_DEPRECATED_OBJC_IMPLEMENTATIONS = YES;
				CLANG_WARN_DIRECT_OBJC_ISA_USAGE = YES_ERROR;
				CLANG_WARN_DOCUMENTATION_COMMENTS = YES;
				CLANG_WARN_EMPTY_BODY = YES;
				CLANG_WARN_ENUM_CONVERSION = YES;
				CLANG_WARN_INFINITE_RECURSION = YES;
				CLANG_WARN_INT_CONVERSION = YES;
				CLANG_WARN_NON_LITERAL_NULL_CONVERSION = YES;
				CLANG_WARN_OBJC_IMPLICIT_RETAIN_SELF = YES;
				CLANG_WARN_OBJC_LITERAL_CONVERSION = YES;
				CLANG_WARN_OBJC_ROOT_CLASS = YES_ERROR;
				CLANG_WARN_QUOTED_INCLUDE_IN_FRAMEWORK_HEADER = YES;
				CLANG_WARN_RANGE_LOOP_ANALYSIS = YES;
				CLANG_WARN_STRICT_PROTOTYPES = YES;
				CLANG_WARN_SUSPICIOUS_MOVE = YES;
				CLANG_WARN_UNGUARDED_AVAILABILITY = YES_AGGRESSIVE;
				CLANG_WARN_UNREACHABLE_CODE = YES;
				CLANG_WARN__DUPLICATE_METHOD_MATCH = YES;
				COPY_PHASE_STRIP = NO;
				DEBUG_INFORMATION_FORMAT = dwarf;
				ENABLE_STRICT_OBJC_MSGSEND = YES;
				ENABLE_TESTABILITY = YES;
				ENABLE_USER_SCRIPT_SANDBOXING = YES;
				GCC_C_LANGUAGE_STANDARD = gnu17;
				GCC_DYNAMIC_NO_PIC = NO;
				GCC_NO_COMMON_BLOCKS = YES;
				GCC_OPTIMIZATION_LEVEL = 0;
				GCC_PREPROCESSOR_DEFINITIONS = (
					"DEBUG=1",
					"$(inherited)",
				);
				GCC_WARN_64_TO_32_BIT_CONVERSION = YES;
				GCC_WARN_ABOUT_RETURN_TYPE = YES_ERROR;
				GCC_WARN_UNDECLARED_SELECTOR = YES;
				GCC_WARN_UNINITIALIZED_AUTOS = YES_AGGRESSIVE;
				GCC_WARN_UNUSED_FUNCTION = YES;
				GCC_WARN_UNUSED_VARIABLE = YES;
				LOCALIZATION_PREFERS_STRING_CATALOGS = YES;
				MACOSX_DEPLOYMENT_TARGET = 14.0;
				MTL_ENABLE_DEBUG_INFO = INCLUDE_SOURCE;
				MTL_FAST_MATH = YES;
				ONLY_ACTIVE_ARCH = YES;
				SDKROOT = macosx;
				SWIFT_ACTIVE_COMPILATION_CONDITIONS = "DEBUG $(inherited)";
				SWIFT_OPTIMIZATION_LEVEL = "-Onone";
			};
			name = Debug;
		};
		97EE5D972FB3D42700A179F1 /* Release */ = {
			isa = XCBuildConfiguration;
			buildSettings = {
				ALWAYS_SEARCH_USER_PATHS = NO;
				ASSETCATALOG_COMPILER_GENERATE_SWIFT_ASSET_SYMBOL_EXTENSIONS = YES;
				CLANG_ANALYZER_NONNULL = YES;
				CLANG_ANALYZER_NUMBER_OBJECT_CONVERSION = YES_AGGRESSIVE;
				CLANG_CXX_LANGUAGE_STANDARD = "gnu++20";
				CLANG_ENABLE_MODULES = YES;
				CLANG_ENABLE_OBJC_ARC = YES;
				CLANG_ENABLE_OBJC_WEAK = YES;
				CLANG_WARN_BLOCK_CAPTURE_AUTORELEASING = YES;
				CLANG_WARN_BOOL_CONVERSION = YES;
				CLANG_WARN_COMMA = YES;
				CLANG_WARN_CONSTANT_CONVERSION = YES;
				CLANG_WARN_DEPRECATED_OBJC_IMPLEMENTATIONS = YES;
				CLANG_WARN_DIRECT_OBJC_ISA_USAGE = YES_ERROR;
				CLANG_WARN_DOCUMENTATION_COMMENTS = YES;
				CLANG_WARN_EMPTY_BODY = YES;
				CLANG_WARN_ENUM_CONVERSION = YES;
				CLANG_WARN_INFINITE_RECURSION = YES;
				CLANG_WARN_INT_CONVERSION = YES;
				CLANG_WARN_NON_LITERAL_NULL_CONVERSION = YES;
				CLANG_WARN_OBJC_IMPLICIT_RETAIN_SELF = YES;
				CLANG_WARN_OBJC_LITERAL_CONVERSION = YES;
				CLANG_WARN_OBJC_ROOT_CLASS = YES_ERROR;
				CLANG_WARN_QUOTED_INCLUDE_IN_FRAMEWORK_HEADER = YES;
				CLANG_WARN_RANGE_LOOP_ANALYSIS = YES;
				CLANG_WARN_STRICT_PROTOTYPES = YES;
				CLANG_WARN_SUSPICIOUS_MOVE = YES;
				CLANG_WARN_UNGUARDED_AVAILABILITY = YES_AGGRESSIVE;
				CLANG_WARN_UNREACHABLE_CODE = YES;
				CLANG_WARN__DUPLICATE_METHOD_MATCH = YES;
				COPY_PHASE_STRIP = NO;
				DEBUG_INFORMATION_FORMAT = "dwarf-with-dsym";
				ENABLE_NS_ASSERTIONS = NO;
				ENABLE_STRICT_OBJC_MSGSEND = YES;
				ENABLE_USER_SCRIPT_SANDBOXING = YES;
				GCC_C_LANGUAGE_STANDARD = gnu17;
				GCC_NO_COMMON_BLOCKS = YES;
				GCC_WARN_64_TO_32_BIT_CONVERSION = YES;
				GCC_WARN_ABOUT_RETURN_TYPE = YES_ERROR;
				GCC_WARN_UNDECLARED_SELECTOR = YES;
				GCC_WARN_UNINITIALIZED_AUTOS = YES_AGGRESSIVE;
				GCC_WARN_UNUSED_FUNCTION = YES;
				GCC_WARN_UNUSED_VARIABLE = YES;
				LOCALIZATION_PREFERS_STRING_CATALOGS = YES;
				MACOSX_DEPLOYMENT_TARGET = 14.0;
				MTL_ENABLE_DEBUG_INFO = NO;
				MTL_FAST_MATH = YES;
				SDKROOT = macosx;
				SWIFT_COMPILATION_MODE = wholemodule;
			};
			name = Release;
		};
		97EE5D992FB3D42700A179F1 /* Debug */ = {
			isa = XCBuildConfiguration;
			buildSettings = {
				ASSETCATALOG_COMPILER_APPICON_NAME = AppIcon;
				ASSETCATALOG_COMPILER_GLOBAL_ACCENT_COLOR_NAME = AccentColor;
				CODE_SIGN_ENTITLEMENTS = eunify/eunify.entitlements;
				CODE_SIGN_STYLE = Automatic;
				COMBINE_HIDPI_IMAGES = YES;
				CURRENT_PROJECT_VERSION = 1;
				DEVELOPMENT_ASSET_PATHS = "\"eunify/Preview Content\"";
				ENABLE_PREVIEWS = YES;
				GENERATE_INFOPLIST_FILE = YES;
				INFOPLIST_KEY_NSHumanReadableCopyright = "";
				LD_RUNPATH_SEARCH_PATHS = (
					"$(inherited)",
					"@executable_path/../Frameworks",
				);
				MARKETING_VERSION = 1.0;
				PRODUCT_BUNDLE_IDENTIFIER = eunify.eunify;
				PRODUCT_NAME = "$(TARGET_NAME)";
				SWIFT_EMIT_LOC_STRINGS = YES;
				SWIFT_VERSION = 5.0;
			};
			name = Debug;
		};
		97EE5D9A2FB3D42700A179F1 /* Release */ = {
			isa = XCBuildConfiguration;
			buildSettings = {
				ASSETCATALOG_COMPILER_APPICON_NAME = AppIcon;
				ASSETCATALOG_COMPILER_GLOBAL_ACCENT_COLOR_NAME = AccentColor;
				CODE_SIGN_ENTITLEMENTS = eunify/eunify.entitlements;
				CODE_SIGN_STYLE = Automatic;
				COMBINE_HIDPI_IMAGES = YES;
				CURRENT_PROJECT_VERSION = 1;
				DEVELOPMENT_ASSET_PATHS = "\"eunify/Preview Content\"";
				ENABLE_PREVIEWS = YES;
				GENERATE_INFOPLIST_FILE = YES;
				INFOPLIST_KEY_NSHumanReadableCopyright = "";
				LD_RUNPATH_SEARCH_PATHS = (
					"$(inherited)",
					"@executable_path/../Frameworks",
				);
				MARKETING_VERSION = 1.0;
				PRODUCT_BUNDLE_IDENTIFIER = eunify.eunify;
				PRODUCT_NAME = "$(TARGET_NAME)";
				SWIFT_EMIT_LOC_STRINGS = YES;
				SWIFT_VERSION = 5.0;
			};
			name = Release;
		};
		97EE5D9C2FB3D42700A179F1 /* Debug */ = {
			isa = XCBuildConfiguration;
			buildSettings = {
				ALWAYS_EMBED_SWIFT_STANDARD_LIBRARIES = YES;
				BUNDLE_LOADER = "$(TEST_HOST)";
				CODE_SIGN_STYLE = Automatic;
				CURRENT_PROJECT_VERSION = 1;
				GENERATE_INFOPLIST_FILE = YES;
				MACOSX_DEPLOYMENT_TARGET = 14.0;
				MARKETING_VERSION = 1.0;
				PRODUCT_BUNDLE_IDENTIFIER = eunify.eunifyTests;
				PRODUCT_NAME = "$(TARGET_NAME)";
				SWIFT_EMIT_LOC_STRINGS = NO;
				SWIFT_VERSION = 5.0;
				TEST_HOST = "$(BUILT_PRODUCTS_DIR)/eunify.app/$(BUNDLE_EXECUTABLE_FOLDER_PATH)/eunify";
			};
			name = Debug;
		};
		97EE5D9D2FB3D42700A179F1 /* Release */ = {
			isa = XCBuildConfiguration;
			buildSettings = {
				ALWAYS_EMBED_SWIFT_STANDARD_LIBRARIES = YES;
				BUNDLE_LOADER = "$(TEST_HOST)";
				CODE_SIGN_STYLE = Automatic;
				CURRENT_PROJECT_VERSION = 1;
				GENERATE_INFOPLIST_FILE = YES;
				MACOSX_DEPLOYMENT_TARGET = 14.0;
				MARKETING_VERSION = 1.0;
				PRODUCT_BUNDLE_IDENTIFIER = eunify.eunifyTests;
				PRODUCT_NAME = "$(TARGET_NAME)";
				SWIFT_EMIT_LOC_STRINGS = NO;
				SWIFT_VERSION = 5.0;
				TEST_HOST = "$(BUILT_PRODUCTS_DIR)/eunify.app/$(BUNDLE_EXECUTABLE_FOLDER_PATH)/eunify";
			};
			name = Release;
		};
		97EE5D9F2FB3D42700A179F1 /* Debug */ = {
			isa = XCBuildConfiguration;
			buildSettings = {
				ALWAYS_EMBED_SWIFT_STANDARD_LIBRARIES = YES;
				CODE_SIGN_STYLE = Automatic;
				CURRENT_PROJECT_VERSION = 1;
				GENERATE_INFOPLIST_FILE = YES;
				MARKETING_VERSION = 1.0;
				PRODUCT_BUNDLE_IDENTIFIER = eunify.eunifyUITests;
				PRODUCT_NAME = "$(TARGET_NAME)";
				SWIFT_EMIT_LOC_STRINGS = NO;
				SWIFT_VERSION = 5.0;
				TEST_TARGET_NAME = eunify;
			};
			name = Debug;
		};
		97EE5DA02FB3D42700A179F1 /* Release */ = {
			isa = XCBuildConfiguration;
			buildSettings = {
				ALWAYS_EMBED_SWIFT_STANDARD_LIBRARIES = YES;
				CODE_SIGN_STYLE = Automatic;
				CURRENT_PROJECT_VERSION = 1;
				GENERATE_INFOPLIST_FILE = YES;
				MARKETING_VERSION = 1.0;
				PRODUCT_BUNDLE_IDENTIFIER = eunify.eunifyUITests;
				PRODUCT_NAME = "$(TARGET_NAME)";
				SWIFT_EMIT_LOC_STRINGS = NO;
				SWIFT_VERSION = 5.0;
				TEST_TARGET_NAME = eunify;
			};
			name = Release;
		};
/* End XCBuildConfiguration section */

/* Begin XCConfigurationList section */
		97EE5D6E2FB3D42300A179F1 /* Build configuration list for PBXProject "eunify" */ = {
			isa = XCConfigurationList;
			buildConfigurations = (
				97EE5D962FB3D42700A179F1 /* Debug */,
				97EE5D972FB3D42700A179F1 /* Release */,
			);
			defaultConfigurationIsVisible = 0;
			defaultConfigurationName = Release;
		};
		97EE5D982FB3D42700A179F1 /* Build configuration list for PBXNativeTarget "eunify" */ = {
			isa = XCConfigurationList;
			buildConfigurations = (
				97EE5D992FB3D42700A179F1 /* Debug */,
				97EE5D9A2FB3D42700A179F1 /* Release */,
			);
			defaultConfigurationIsVisible = 0;
			defaultConfigurationName = Release;
		};
		97EE5D9B2FB3D42700A179F1 /* Build configuration list for PBXNativeTarget "eunifyTests" */ = {
			isa = XCConfigurationList;
			buildConfigurations = (
				97EE5D9C2FB3D42700A179F1 /* Debug */,
				97EE5D9D2FB3D42700A179F1 /* Release */,
			);
			defaultConfigurationIsVisible = 0;
			defaultConfigurationName = Release;
		};
		97EE5D9E2FB3D42700A179F1 /* Build configuration list for PBXNativeTarget "eunifyUITests" */ = {
			isa = XCConfigurationList;
			buildConfigurations = (
				97EE5D9F2FB3D42700A179F1 /* Debug */,
				97EE5DA02FB3D42700A179F1 /* Release */,
			);
			defaultConfigurationIsVisible = 0;
			defaultConfigurationName = Release;
		};
/* End XCConfigurationList section */

/* Begin XCRemoteSwiftPackageReference section */
		9755ABCC2FB55E3C00673FC8 /* XCRemoteSwiftPackageReference "WebRTC" */ = {
			isa = XCRemoteSwiftPackageReference;
			repositoryURL = "https://github.com/stasel/WebRTC";
			requirement = {
				kind = upToNextMajorVersion;
				minimumVersion = 147.0.0;
			};
		};
/* End XCRemoteSwiftPackageReference section */

/* Begin XCSwiftPackageProductDependency section */
		9755ABCD2FB55E3C00673FC8 /* WebRTC */ = {
			isa = XCSwiftPackageProductDependency;
			package = 9755ABCC2FB55E3C00673FC8 /* XCRemoteSwiftPackageReference "WebRTC" */;
			productName = WebRTC;
		};
/* End XCSwiftPackageProductDependency section */
	};
	rootObject = 97EE5D6B2FB3D42300A179F1 /* Project object */;
}
